
Microsoft Visual Studio Solution File, Format Version 12.00
Project("{FAE04EC0-301F-11D3-BF4B-00C04F79EFBC}") = "MessageRealtimeViewClient", "MessageRealtimeViewClient\MessageRealtimeViewClient.csproj", "{EEEA9C36-808C-4041-A2B0-79A4E2391413}"
EndProject
Global
	GlobalSection(SolutionConfigurationPlatforms) = preSolution
		Debug|Any CPU = Debug|Any CPU
		Release|Any CPU = Release|Any CPU
	EndGlobalSection
	GlobalSection(ProjectConfigurationPlatforms) = postSolution
		{EEEA9C36-808C-4041-A2B0-79A4E2391413}.Debug|Any CPU.ActiveCfg = Debug|Any CPU
		{EEEA9C36-808C-4041-A2B0-79A4E2391413}.Debug|Any CPU.Build.0 = Debug|Any CPU
		{EEEA9C36-808C-4041-A2B0-79A4E2391413}.Release|Any CPU.ActiveCfg = Release|Any CPU
		{EEEA9C36-808C-4041-A2B0-79A4E2391413}.Release|Any CPU.Build.0 = Release|Any CPU
	EndGlobalSection
EndGlobal
